
Microsoft Visual Studio Solution File, Format Version 12.00
# Visual Studio Version 17
VisualStudioVersion = 17.1.32421.90
MinimumVisualStudioVersion = 10.0.40219.1
Project("{9A19103F-16F7-4668-BE54-9A1E7A4F7556}") = "SirensDiscordBot", "SirensDiscordBot\SirensDiscordBot.csproj", "{951DB7D6-952F-4CD9-8878-2E120625534E}"
EndProject
Global
	GlobalSection(SolutionConfigurationPlatforms) = preSolution
		Debug|Any CPU = Debug|Any CPU
		Release|Any CPU = Release|Any CPU
	EndGlobalSection
	GlobalSection(ProjectConfigurationPlatforms) = postSolution
		{951DB7D6-952F-4CD9-8878-2E120625534E}.Debug|Any CPU.ActiveCfg = Debug|Any CPU
		{951DB7D6-952F-4CD9-8878-2E120625534E}.Debug|Any CPU.Build.0 = Debug|Any CPU
		{951DB7D6-952F-4CD9-8878-2E120625534E}.Release|Any CPU.ActiveCfg = Release|Any CPU
		{951DB7D6-952F-4CD9-8878-2E120625534E}.Release|Any CPU.Build.0 = Release|Any CPU
	EndGlobalSection
	GlobalSection(SolutionProperties) = preSolution
		HideSolutionNode = FALSE
	EndGlobalSection
	GlobalSection(ExtensibilityGlobals) = postSolution
		SolutionGuid = {98A8B2E9-2999-4AA1-A6A8-CC1C1D7CFCD2}
	EndGlobalSection
EndGlobal
